
Microsoft Visual Studio Solution File, Format Version 12.00
# Visual Studio Version 17
VisualStudioVersion = 17.8.34511.84
MinimumVisualStudioVersion = 10.0.40219.1
Project("{FAE04EC0-301F-11D3-BF4B-00C04F79EFBC}") = "Week7DemoClass", "Week7DemoClass\Week7DemoClass.csproj", "{8D390FE9-C5DF-4438-8B51-72752CE6F7A5}"
EndProject
Project("{FAE04EC0-301F-11D3-BF4B-00C04F79EFBC}") = "CalcLibrary", "CalcLibrary\CalcLibrary.csproj", "{8710BFF6-F1A2-4A43-9AB7-66A5E955970F}"
EndProject
Global
	GlobalSection(SolutionConfigurationPlatforms) = preSolution
		Debug|Any CPU = Debug|Any CPU
		Release|Any CPU = Release|Any CPU
	EndGlobalSection
	GlobalSection(ProjectConfigurationPlatforms) = postSolution
		{8D390FE9-C5DF-4438-8B51-72752CE6F7A5}.Debug|Any CPU.ActiveCfg = Debug|Any CPU
		{8D390FE9-C5DF-4438-8B51-72752CE6F7A5}.Debug|Any CPU.Build.0 = Debug|Any CPU
		{8D390FE9-C5DF-4438-8B51-72752CE6F7A5}.Release|Any CPU.ActiveCfg = Release|Any CPU
		{8D390FE9-C5DF-4438-8B51-72752CE6F7A5}.Release|Any CPU.Build.0 = Release|Any CPU
		{8710BFF6-F1A2-4A43-9AB7-66A5E955970F}.Debug|Any CPU.ActiveCfg = Debug|Any CPU
		{8710BFF6-F1A2-4A43-9AB7-66A5E955970F}.Debug|Any CPU.Build.0 = Debug|Any CPU
		{8710BFF6-F1A2-4A43-9AB7-66A5E955970F}.Release|Any CPU.ActiveCfg = Release|Any CPU
		{8710BFF6-F1A2-4A43-9AB7-66A5E955970F}.Release|Any CPU.Build.0 = Release|Any CPU
	EndGlobalSection
	GlobalSection(SolutionProperties) = preSolution
		HideSolutionNode = FALSE
	EndGlobalSection
	GlobalSection(ExtensibilityGlobals) = postSolution
		SolutionGuid = {7ABE67A9-28C0-4A4A-9E5B-BCA0D47366FC}
	EndGlobalSection
EndGlobal
